Microsoft Visual Studio Solution File, Format Version 12.00
# Visual Studio 2012
Project("{FAE04EC0-301F-11D3-BF4B-00C04F79EFBC}") = "Swordsss", "Swordsss.csproj", "{A10E583D-BFC9-45C1-BF81-78C9D2795213}"
EndProject
Global
	GlobalSection(SolutionConfigurationPlatforms) = preSolution
	Debug|Any CPU = Debug|Any CPU
	ExportDebug|Any CPU = ExportDebug|Any CPU
	ExportRelease|Any CPU = ExportRelease|Any CPU
	EndGlobalSection
	GlobalSection(ProjectConfigurationPlatforms) = postSolution
		{A10E583D-BFC9-45C1-BF81-78C9D2795213}.Debug|Any CPU.ActiveCfg = Debug|Any CPU
		{A10E583D-BFC9-45C1-BF81-78C9D2795213}.Debug|Any CPU.Build.0 = Debug|Any CPU
		{A10E583D-BFC9-45C1-BF81-78C9D2795213}.ExportDebug|Any CPU.ActiveCfg = ExportDebug|Any CPU
		{A10E583D-BFC9-45C1-BF81-78C9D2795213}.ExportDebug|Any CPU.Build.0 = ExportDebug|Any CPU
		{A10E583D-BFC9-45C1-BF81-78C9D2795213}.ExportRelease|Any CPU.ActiveCfg = ExportRelease|Any CPU
		{A10E583D-BFC9-45C1-BF81-78C9D2795213}.ExportRelease|Any CPU.Build.0 = ExportRelease|Any CPU
	EndGlobalSection
EndGlobal
